
Microsoft Visual Studio Solution File, Format Version 12.00
# Visual Studio 14
VisualStudioVersion = 14.0.22609.0
MinimumVisualStudioVersion = 10.0.40219.1
Project("{FAE04EC0-301F-11D3-BF4B-00C04F79EFBC}") = "MLTrainWeb", "MLTrainWeb\MLTrainWeb.csproj", "{A1839466-ED69-454A-9357-1DA7641696F8}"
EndProject
Project("{2150E333-8FDC-42A3-9474-1A3956D46DE8}") = "PublishScripts", "PublishScripts", "{1B84CAF7-0483-4A2B-A16A-3E2C33B5F35A}"
	ProjectSection(SolutionItems) = preProject
		PublishScripts\AzureWebsitePublishModule.psm1 = PublishScripts\AzureWebsitePublishModule.psm1
		PublishScripts\Publish-WebApplicationWebsite.ps1 = PublishScripts\Publish-WebApplicationWebsite.ps1
	EndProjectSection
EndProject
Project("{2150E333-8FDC-42A3-9474-1A3956D46DE8}") = "Configurations", "Configurations", "{A8894E78-C516-4576-B374-72ACE91D0C8A}"
	ProjectSection(SolutionItems) = preProject
		PublishScripts\Configurations\MLTrainWeb-WAWS-dev.json = PublishScripts\Configurations\MLTrainWeb-WAWS-dev.json
	EndProjectSection
EndProject
Global
	GlobalSection(SolutionConfigurationPlatforms) = preSolution
		Debug|Any CPU = Debug|Any CPU
		Release|Any CPU = Release|Any CPU
	EndGlobalSection
	GlobalSection(ProjectConfigurationPlatforms) = postSolution
		{A1839466-ED69-454A-9357-1DA7641696F8}.Debug|Any CPU.ActiveCfg = Debug|Any CPU
		{A1839466-ED69-454A-9357-1DA7641696F8}.Debug|Any CPU.Build.0 = Debug|Any CPU
		{A1839466-ED69-454A-9357-1DA7641696F8}.Release|Any CPU.ActiveCfg = Release|Any CPU
		{A1839466-ED69-454A-9357-1DA7641696F8}.Release|Any CPU.Build.0 = Release|Any CPU
	EndGlobalSection
	GlobalSection(SolutionProperties) = preSolution
		HideSolutionNode = FALSE
	EndGlobalSection
	GlobalSection(NestedProjects) = preSolution
		{A8894E78-C516-4576-B374-72ACE91D0C8A} = {1B84CAF7-0483-4A2B-A16A-3E2C33B5F35A}
	EndGlobalSection
EndGlobal
